
Microsoft Visual Studio Solution File, Format Version 12.00
# Visual Studio Version 17
VisualStudioVersion = 17.1.32210.238
MinimumVisualStudioVersion = 10.0.40219.1
Project("{FAE04EC0-301F-11D3-BF4B-00C04F79EFBC}") = "HotelManagementApplication", "HotelManagementApplication.csproj", "{A49CCD3A-246A-48DB-89F5-CA51638ABA95}"
EndProject
Project("{FAE04EC0-301F-11D3-BF4B-00C04F79EFBC}") = "HotelUnitTestProject", "..\HotelUnitTestProject\HotelUnitTestProject.csproj", "{48985AC6-28EA-43AC-BD25-0E98CE9ACF25}"
EndProject
Global
	GlobalSection(SolutionConfigurationPlatforms) = preSolution
		Debug|Any CPU = Debug|Any CPU
		Release|Any CPU = Release|Any CPU
	EndGlobalSection
	GlobalSection(ProjectConfigurationPlatforms) = postSolution
		{A49CCD3A-246A-48DB-89F5-CA51638ABA95}.Debug|Any CPU.ActiveCfg = Debug|Any CPU
		{A49CCD3A-246A-48DB-89F5-CA51638ABA95}.Debug|Any CPU.Build.0 = Debug|Any CPU
		{A49CCD3A-246A-48DB-89F5-CA51638ABA95}.Release|Any CPU.ActiveCfg = Release|Any CPU
		{A49CCD3A-246A-48DB-89F5-CA51638ABA95}.Release|Any CPU.Build.0 = Release|Any CPU
		{48985AC6-28EA-43AC-BD25-0E98CE9ACF25}.Debug|Any CPU.ActiveCfg = Debug|Any CPU
		{48985AC6-28EA-43AC-BD25-0E98CE9ACF25}.Debug|Any CPU.Build.0 = Debug|Any CPU
		{48985AC6-28EA-43AC-BD25-0E98CE9ACF25}.Release|Any CPU.ActiveCfg = Release|Any CPU
		{48985AC6-28EA-43AC-BD25-0E98CE9ACF25}.Release|Any CPU.Build.0 = Release|Any CPU
	EndGlobalSection
	GlobalSection(SolutionProperties) = preSolution
		HideSolutionNode = FALSE
	EndGlobalSection
	GlobalSection(ExtensibilityGlobals) = postSolution
		SolutionGuid = {B081CA35-004A-43F7-830D-D9A513C95BD9}
	EndGlobalSection
EndGlobal
